
Microsoft Visual Studio Solution File, Format Version 12.00
# Visual Studio Version 17
VisualStudioVersion = 17.13.35931.197 d17.13
MinimumVisualStudioVersion = 10.0.40219.1
Project("{8BC9CEB8-8B4A-11D0-8D11-00A0C91BC942}") = "Direct2D-Demo", "Direct2D-Demo\Direct2D-Demo.vcxproj", "{D806036B-EFDD-465C-A8F1-B8CBCD2CA45E}"
EndProject
Global
	GlobalSection(SolutionConfigurationPlatforms) = preSolution
		Debug|x64 = Debug|x64
		Debug|x86 = Debug|x86
		Release|x64 = Release|x64
		Release|x86 = Release|x86
	EndGlobalSection
	GlobalSection(ProjectConfigurationPlatforms) = postSolution
		{D806036B-EFDD-465C-A8F1-B8CBCD2CA45E}.Debug|x64.ActiveCfg = Debug|x64
		{D806036B-EFDD-465C-A8F1-B8CBCD2CA45E}.Debug|x64.Build.0 = Debug|x64
		{D806036B-EFDD-465C-A8F1-B8CBCD2CA45E}.Debug|x86.ActiveCfg = Debug|Win32
		{D806036B-EFDD-465C-A8F1-B8CBCD2CA45E}.Debug|x86.Build.0 = Debug|Win32
		{D806036B-EFDD-465C-A8F1-B8CBCD2CA45E}.Release|x64.ActiveCfg = Release|x64
		{D806036B-EFDD-465C-A8F1-B8CBCD2CA45E}.Release|x64.Build.0 = Release|x64
		{D806036B-EFDD-465C-A8F1-B8CBCD2CA45E}.Release|x86.ActiveCfg = Release|Win32
		{D806036B-EFDD-465C-A8F1-B8CBCD2CA45E}.Release|x86.Build.0 = Release|Win32
	EndGlobalSection
	GlobalSection(SolutionProperties) = preSolution
		HideSolutionNode = FALSE
	EndGlobalSection
	GlobalSection(ExtensibilityGlobals) = postSolution
		SolutionGuid = {98C087D4-E643-4E99-8956-2B07F6ED30F8}
	EndGlobalSection
EndGlobal
